
Microsoft Visual Studio Solution File, Format Version 12.00
# Visual Studio Version 17
VisualStudioVersion = 17.13.35818.85 d17.13
MinimumVisualStudioVersion = 10.0.40219.1
Project("{FAE04EC0-301F-11D3-BF4B-00C04F79EFBC}") = "AlienShooty", "AlienShooty\AlienShooty.csproj", "{0C0BA554-05C4-4EC7-8CAB-5DF169F76483}"
EndProject
Global
	GlobalSection(SolutionConfigurationPlatforms) = preSolution
		Debug|Any CPU = Debug|Any CPU
		Release|Any CPU = Release|Any CPU
	EndGlobalSection
	GlobalSection(ProjectConfigurationPlatforms) = postSolution
		{0C0BA554-05C4-4EC7-8CAB-5DF169F76483}.Debug|Any CPU.ActiveCfg = Debug|Any CPU
		{0C0BA554-05C4-4EC7-8CAB-5DF169F76483}.Debug|Any CPU.Build.0 = Debug|Any CPU
		{0C0BA554-05C4-4EC7-8CAB-5DF169F76483}.Release|Any CPU.ActiveCfg = Release|Any CPU
		{0C0BA554-05C4-4EC7-8CAB-5DF169F76483}.Release|Any CPU.Build.0 = Release|Any CPU
	EndGlobalSection
	GlobalSection(SolutionProperties) = preSolution
		HideSolutionNode = FALSE
	EndGlobalSection
	GlobalSection(ExtensibilityGlobals) = postSolution
		SolutionGuid = {26F3D06E-AEF5-46FF-A963-E9F67835748E}
	EndGlobalSection
EndGlobal
